
Microsoft Visual Studio Solution File, Format Version 12.00
# Visual Studio 15
VisualStudioVersion = 15.0.27004.2008
MinimumVisualStudioVersion = 10.0.40219.1
Project("{FAE04EC0-301F-11D3-BF4B-00C04F79EFBC}") = "FxSaude.Produto.Web", "FxSaude.Produto.Web\FxSaude.Produto.Web.csproj", "{435AA887-2451-48EF-B707-125B93B3BDA3}"
EndProject
Project("{FAE04EC0-301F-11D3-BF4B-00C04F79EFBC}") = "FxSaude.Produto.Domain", "FxSaude.Produto.Domain\FxSaude.Produto.Domain.csproj", "{9B45D34A-6F00-4B8D-8488-69B7E1C90538}"
EndProject
Project("{FAE04EC0-301F-11D3-BF4B-00C04F79EFBC}") = "FxSaude.Core.Domain", "FxSaude.Core.Domain\FxSaude.Core.Domain.csproj", "{CF79FC46-8D22-4D79-80EA-A7ED6DE5C2CC}"
EndProject
Project("{FAE04EC0-301F-11D3-BF4B-00C04F79EFBC}") = "FxSaude.Produto.Domain.EF6", "FxSaude.Produto.Domain.EF6\FxSaude.Produto.Domain.EF6.csproj", "{5A3AA511-6128-423A-8F7F-E5392F28AED5}"
EndProject
Project("{FAE04EC0-301F-11D3-BF4B-00C04F79EFBC}") = "FxSaude.Produto.Service", "FxSaude.Produto.Service\FxSaude.Produto.Service.csproj", "{D6638633-E914-4E08-B164-3D9C0DDF00CD}"
EndProject
Project("{FAE04EC0-301F-11D3-BF4B-00C04F79EFBC}") = "FxSaude.Produto.Service.Test", "FxSaude.Produto.Service.Test\FxSaude.Produto.Service.Test.csproj", "{329C2025-CA07-4F92-8D87-2C540615025A}"
EndProject
Global
	GlobalSection(SolutionConfigurationPlatforms) = preSolution
		Debug|Any CPU = Debug|Any CPU
		Release|Any CPU = Release|Any CPU
	EndGlobalSection
	GlobalSection(ProjectConfigurationPlatforms) = postSolution
		{435AA887-2451-48EF-B707-125B93B3BDA3}.Debug|Any CPU.ActiveCfg = Debug|Any CPU
		{435AA887-2451-48EF-B707-125B93B3BDA3}.Debug|Any CPU.Build.0 = Debug|Any CPU
		{435AA887-2451-48EF-B707-125B93B3BDA3}.Release|Any CPU.ActiveCfg = Release|Any CPU
		{435AA887-2451-48EF-B707-125B93B3BDA3}.Release|Any CPU.Build.0 = Release|Any CPU
		{9B45D34A-6F00-4B8D-8488-69B7E1C90538}.Debug|Any CPU.ActiveCfg = Debug|Any CPU
		{9B45D34A-6F00-4B8D-8488-69B7E1C90538}.Debug|Any CPU.Build.0 = Debug|Any CPU
		{9B45D34A-6F00-4B8D-8488-69B7E1C90538}.Release|Any CPU.ActiveCfg = Release|Any CPU
		{9B45D34A-6F00-4B8D-8488-69B7E1C90538}.Release|Any CPU.Build.0 = Release|Any CPU
		{CF79FC46-8D22-4D79-80EA-A7ED6DE5C2CC}.Debug|Any CPU.ActiveCfg = Debug|Any CPU
		{CF79FC46-8D22-4D79-80EA-A7ED6DE5C2CC}.Debug|Any CPU.Build.0 = Debug|Any CPU
		{CF79FC46-8D22-4D79-80EA-A7ED6DE5C2CC}.Release|Any CPU.ActiveCfg = Release|Any CPU
		{CF79FC46-8D22-4D79-80EA-A7ED6DE5C2CC}.Release|Any CPU.Build.0 = Release|Any CPU
		{5A3AA511-6128-423A-8F7F-E5392F28AED5}.Debug|Any CPU.ActiveCfg = Debug|Any CPU
		{5A3AA511-6128-423A-8F7F-E5392F28AED5}.Debug|Any CPU.Build.0 = Debug|Any CPU
		{5A3AA511-6128-423A-8F7F-E5392F28AED5}.Release|Any CPU.ActiveCfg = Release|Any CPU
		{5A3AA511-6128-423A-8F7F-E5392F28AED5}.Release|Any CPU.Build.0 = Release|Any CPU
		{D6638633-E914-4E08-B164-3D9C0DDF00CD}.Debug|Any CPU.ActiveCfg = Debug|Any CPU
		{D6638633-E914-4E08-B164-3D9C0DDF00CD}.Debug|Any CPU.Build.0 = Debug|Any CPU
		{D6638633-E914-4E08-B164-3D9C0DDF00CD}.Release|Any CPU.ActiveCfg = Release|Any CPU
		{D6638633-E914-4E08-B164-3D9C0DDF00CD}.Release|Any CPU.Build.0 = Release|Any CPU
		{329C2025-CA07-4F92-8D87-2C540615025A}.Debug|Any CPU.ActiveCfg = Debug|Any CPU
		{329C2025-CA07-4F92-8D87-2C540615025A}.Debug|Any CPU.Build.0 = Debug|Any CPU
		{329C2025-CA07-4F92-8D87-2C540615025A}.Release|Any CPU.ActiveCfg = Release|Any CPU
		{329C2025-CA07-4F92-8D87-2C540615025A}.Release|Any CPU.Build.0 = Release|Any CPU
	EndGlobalSection
	GlobalSection(SolutionProperties) = preSolution
		HideSolutionNode = FALSE
	EndGlobalSection
	GlobalSection(ExtensibilityGlobals) = postSolution
		SolutionGuid = {70B58BC9-7315-43DF-B81D-57E917B64F03}
	EndGlobalSection
EndGlobal
